// !$*UTF8*$!
{
	archiveVersion = 1;
	classes = {
	};
	objectVersion = 56;
	objects = {

/* Begin PBXBuildFile section */
		283F0363291C89F10080EA53 /* AppDelegate.swift in Sources */ = {isa = PBXBuildFile; fileRef = 283F0362291C89F10080EA53 /* AppDelegate.swift */; };
		283F0365291C89F10080EA53 /* SceneDelegate.swift in Sources */ = {isa = PBXBuildFile; fileRef = 283F0364291C89F10080EA53 /* SceneDelegate.swift */; };
		283F036A291C89F10080EA53 /* Main.storyboard in Resources */ = {isa = PBXBuildFile; fileRef = 283F0368291C89F10080EA53 /* Main.storyboard */; };
		283F036C291C89F20080EA53 /* Assets.xcassets in Resources */ = {isa = PBXBuildFile; fileRef = 283F036B291C89F20080EA53 /* Assets.xcassets */; };
		283F036F291C89F20080EA53 /* LaunchScreen.storyboard in Resources */ = {isa = PBXBuildFile; fileRef = 283F036D291C89F20080EA53 /* LaunchScreen.storyboard */; };
		28D96C272926EE72000111C6 /* LoginViewController.swift in Sources */ = {isa = PBXBuildFile; fileRef = 28D96C262926EE72000111C6 /* LoginViewController.swift */; };
		28DCA4A42927367700731FEB /* DiscoverViewController.swift in Sources */ = {isa = PBXBuildFile; fileRef = 28DCA4A32927367700731FEB /* DiscoverViewController.swift */; };
		28DCA4A6292736C000731FEB /* PlaylistViewController.swift in Sources */ = {isa = PBXBuildFile; fileRef = 28DCA4A5292736C000731FEB /* PlaylistViewController.swift */; };
		28DCA4A8292737C800731FEB /* SavedViewController.swift in Sources */ = {isa = PBXBuildFile; fileRef = 28DCA4A7292737C800731FEB /* SavedViewController.swift */; };
		2F35D4BC29404DE500427F1B /* SpotifyloginViewController.swift in Sources */ = {isa = PBXBuildFile; fileRef = 2F35D4BB29404DE500427F1B /* SpotifyloginViewController.swift */; };
		2F8E806C2949D8AD0089C518 /* PlaylistTableViewCell.swift in Sources */ = {isa = PBXBuildFile; fileRef = 2F8E806B2949D8AD0089C518 /* PlaylistTableViewCell.swift */; };
		2F8E806E294A13B90089C518 /* SearchCell.swift in Sources */ = {isa = PBXBuildFile; fileRef = 2F8E806D294A13B90089C518 /* SearchCell.swift */; };
		2F9A70092936E75A0039BAE0 /* ApiConstants.swift in Sources */ = {isa = PBXBuildFile; fileRef = 2F9A70082936E75A0039BAE0 /* ApiConstants.swift */; };
		2F9A700B2936FAEE0039BAE0 /* APIService.swift in Sources */ = {isa = PBXBuildFile; fileRef = 2F9A700A2936FAEE0039BAE0 /* APIService.swift */; };
		2F9A700D2936FBB40039BAE0 /* NetworkError.swift in Sources */ = {isa = PBXBuildFile; fileRef = 2F9A700C2936FBB40039BAE0 /* NetworkError.swift */; };
		2FB87ECA29458DE60059C04B /* SpoitfyloginUIViewController.swift in Sources */ = {isa = PBXBuildFile; fileRef = 2FB87EC929458DE60059C04B /* SpoitfyloginUIViewController.swift */; };
		BADA6550A2434A159D3A4C10 /* Pods_Mozart.framework in Frameworks */ = {isa = PBXBuildFile; fileRef = FEDB25E971628D70AA704FE5 /* Pods_Mozart.framework */; };
/* End PBXBuildFile section */

/* Begin PBXFileReference section */
		283F035F291C89F10080EA53 /* Mozart.app */ = {isa = PBXFileReference; explicitFileType = wrapper.application; includeInIndex = 0; path = Mozart.app; sourceTree = BUILT_PRODUCTS_DIR; };
		283F0362291C89F10080EA53 /* AppDelegate.swift */ = {isa = PBXFileReference; lastKnownFileType = sourcecode.swift; path = AppDelegate.swift; sourceTree = "<group>"; };
		283F0364291C89F10080EA53 /* SceneDelegate.swift */ = {isa = PBXFileReference; lastKnownFileType = sourcecode.swift; path = SceneDelegate.swift; sourceTree = "<group>"; };
		283F0369291C89F10080EA53 /* Base */ = {isa = PBXFileReference; lastKnownFileType = file.storyboard; name = Base; path = Base.lproj/Main.storyboard; sourceTree = "<group>"; };
		283F036B291C89F20080EA53 /* Assets.xcassets */ = {isa = PBXFileReference; lastKnownFileType = folder.assetcatalog; path = Assets.xcassets; sourceTree = "<group>"; };
		283F036E291C89F20080EA53 /* Base */ = {isa = PBXFileReference; lastKnownFileType = file.storyboard; name = Base; path = Base.lproj/LaunchScreen.storyboard; sourceTree = "<group>"; };
		283F0370291C89F20080EA53 /* Info.plist */ = {isa = PBXFileReference; lastKnownFileType = text.plist.xml; path = Info.plist; sourceTree = "<group>"; };
		28D96C262926EE72000111C6 /* LoginViewController.swift */ = {isa = PBXFileReference; lastKnownFileType = sourcecode.swift; path = LoginViewController.swift; sourceTree = "<group>"; };
		28DCA4A32927367700731FEB /* DiscoverViewController.swift */ = {isa = PBXFileReference; lastKnownFileType = sourcecode.swift; path = DiscoverViewController.swift; sourceTree = "<group>"; };
		28DCA4A5292736C000731FEB /* PlaylistViewController.swift */ = {isa = PBXFileReference; lastKnownFileType = sourcecode.swift; path = PlaylistViewController.swift; sourceTree = "<group>"; };
		28DCA4A7292737C800731FEB /* SavedViewController.swift */ = {isa = PBXFileReference; lastKnownFileType = sourcecode.swift; path = SavedViewController.swift; sourceTree = "<group>"; };
		2F35D4BB29404DE500427F1B /* SpotifyloginViewController.swift */ = {isa = PBXFileReference; lastKnownFileType = sourcecode.swift; path = SpotifyloginViewController.swift; sourceTree = "<group>"; };
		2F8E806B2949D8AD0089C518 /* PlaylistTableViewCell.swift */ = {isa = PBXFileReference; lastKnownFileType = sourcecode.swift; path = PlaylistTableViewCell.swift; sourceTree = "<group>"; };
		2F8E806D294A13B90089C518 /* SearchCell.swift */ = {isa = PBXFileReference; lastKnownFileType = sourcecode.swift; path = SearchCell.swift; sourceTree = "<group>"; };
		2F9A70082936E75A0039BAE0 /* ApiConstants.swift */ = {isa = PBXFileReference; lastKnownFileType = sourcecode.swift; path = ApiConstants.swift; sourceTree = "<group>"; };
		2F9A700A2936FAEE0039BAE0 /* APIService.swift */ = {isa = PBXFileReference; lastKnownFileType = sourcecode.swift; path = APIService.swift; sourceTree = "<group>"; };
		2F9A700C2936FBB40039BAE0 /* NetworkError.swift */ = {isa = PBXFileReference; lastKnownFileType = sourcecode.swift; path = NetworkError.swift; sourceTree = "<group>"; };
		2FB87EC929458DE60059C04B /* SpoitfyloginUIViewController.swift */ = {isa = PBXFileReference; lastKnownFileType = sourcecode.swift; path = SpoitfyloginUIViewController.swift; sourceTree = "<group>"; };
		E19EE8DE5900FEC14EF7678B /* Pods-Mozart.debug.xcconfig */ = {isa = PBXFileReference; includeInIndex = 1; lastKnownFileType = text.xcconfig; name = "Pods-Mozart.debug.xcconfig"; path = "Target Support Files/Pods-Mozart/Pods-Mozart.debug.xcconfig"; sourceTree = "<group>"; };
		F2EDF0E35D2699E5FBD6992D /* Pods-Mozart.release.xcconfig */ = {isa = PBXFileReference; includeInIndex = 1; lastKnownFileType = text.xcconfig; name = "Pods-Mozart.release.xcconfig"; path = "Target Support Files/Pods-Mozart/Pods-Mozart.release.xcconfig"; sourceTree = "<group>"; };
		FEDB25E971628D70AA704FE5 /* Pods_Mozart.framework */ = {isa = PBXFileReference; explicitFileType = wrapper.framework; includeInIndex = 0; path = Pods_Mozart.framework; sourceTree = BUILT_PRODUCTS_DIR; };
/* End PBXFileReference section */

/* Begin PBXFrameworksBuildPhase section */
		283F035C291C89F10080EA53 /* Frameworks */ = {
			isa = PBXFrameworksBuildPhase;
			buildActionMask = 2147483647;
			files = (
				BADA6550A2434A159D3A4C10 /* Pods_Mozart.framework in Frameworks */,
			);
			runOnlyForDeploymentPostprocessing = 0;
		};
/* End PBXFrameworksBuildPhase section */

/* Begin PBXGroup section */
		283F0356291C89F10080EA53 = {
			isa = PBXGroup;
			children = (
				283F0361291C89F10080EA53 /* Mozart */,
				283F0360291C89F10080EA53 /* Products */,
				AB8BB43354A64F43FC5FB18D /* Pods */,
				B366B8CFDEE24704963F3F9A /* Frameworks */,
			);
			sourceTree = "<group>";
		};
		283F0360291C89F10080EA53 /* Products */ = {
			isa = PBXGroup;
			children = (
				283F035F291C89F10080EA53 /* Mozart.app */,
			);
			name = Products;
			sourceTree = "<group>";
		};
		283F0361291C89F10080EA53 /* Mozart */ = {
			isa = PBXGroup;
			children = (
				283F0362291C89F10080EA53 /* AppDelegate.swift */,
				283F0364291C89F10080EA53 /* SceneDelegate.swift */,
				283F0368291C89F10080EA53 /* Main.storyboard */,
				283F036B291C89F20080EA53 /* Assets.xcassets */,
				283F036D291C89F20080EA53 /* LaunchScreen.storyboard */,
				283F0370291C89F20080EA53 /* Info.plist */,
				28D96C262926EE72000111C6 /* LoginViewController.swift */,
				28DCA4A32927367700731FEB /* DiscoverViewController.swift */,
				28DCA4A5292736C000731FEB /* PlaylistViewController.swift */,
				28DCA4A7292737C800731FEB /* SavedViewController.swift */,
				2F9A70082936E75A0039BAE0 /* ApiConstants.swift */,
				2F9A700A2936FAEE0039BAE0 /* APIService.swift */,
				2F9A700C2936FBB40039BAE0 /* NetworkError.swift */,
				2F35D4BB29404DE500427F1B /* SpotifyloginViewController.swift */,
				2FB87EC929458DE60059C04B /* SpoitfyloginUIViewController.swift */,
				2F8E806B2949D8AD0089C518 /* PlaylistTableViewCell.swift */,
				2F8E806D294A13B90089C518 /* SearchCell.swift */,
			);
			path = Mozart;
			sourceTree = "<group>";
		};
		AB8BB43354A64F43FC5FB18D /* Pods */ = {
			isa = PBXGroup;
			children = (
				E19EE8DE5900FEC14EF7678B /* Pods-Mozart.debug.xcconfig */,
				F2EDF0E35D2699E5FBD6992D /* Pods-Mozart.release.xcconfig */,
			);
			path = Pods;
			sourceTree = "<group>";
		};
		B366B8CFDEE24704963F3F9A /* Frameworks */ = {
			isa = PBXGroup;
			children = (
				FEDB25E971628D70AA704FE5 /* Pods_Mozart.framework */,
			);
			name = Frameworks;
			sourceTree = "<group>";
		};
/* End PBXGroup section */

/* Begin PBXNativeTarget section */
		283F035E291C89F10080EA53 /* Mozart */ = {
			isa = PBXNativeTarget;
			buildConfigurationList = 283F0373291C89F20080EA53 /* Build configuration list for PBXNativeTarget "Mozart" */;
			buildPhases = (
				9150E8FBC0B2E4B75D92490C /* [CP] Check Pods Manifest.lock */,
				283F035B291C89F10080EA53 /* Sources */,
				283F035C291C89F10080EA53 /* Frameworks */,
				283F035D291C89F10080EA53 /* Resources */,
				5631A3059A9DABF3DD75718E /* [CP] Embed Pods Frameworks */,
			);
			buildRules = (
			);
			dependencies = (
			);
			name = Mozart;
			productName = Mozart;
			productReference = 283F035F291C89F10080EA53 /* Mozart.app */;
			productType = "com.apple.product-type.application";
		};
/* End PBXNativeTarget section */

/* Begin PBXProject section */
		283F0357291C89F10080EA53 /* Project object */ = {
			isa = PBXProject;
			attributes = {
				BuildIndependentTargetsInParallel = 1;
				LastSwiftUpdateCheck = 1410;
				LastUpgradeCheck = 1410;
				TargetAttributes = {
					283F035E291C89F10080EA53 = {
						CreatedOnToolsVersion = 14.1;
					};
				};
			};
			buildConfigurationList = 283F035A291C89F10080EA53 /* Build configuration list for PBXProject "Mozart" */;
			compatibilityVersion = "Xcode 14.0";
			developmentRegion = en;
			hasScannedForEncodings = 0;
			knownRegions = (
				en,
				Base,
			);
			mainGroup = 283F0356291C89F10080EA53;
			productRefGroup = 283F0360291C89F10080EA53 /* Products */;
			projectDirPath = "";
			projectRoot = "";
			targets = (
				283F035E291C89F10080EA53 /* Mozart */,
			);
		};
/* End PBXProject section */

/* Begin PBXResourcesBuildPhase section */
		283F035D291C89F10080EA53 /* Resources */ = {
			isa = PBXResourcesBuildPhase;
			buildActionMask = 2147483647;
			files = (
				283F036F291C89F20080EA53 /* LaunchScreen.storyboard in Resources */,
				283F036C291C89F20080EA53 /* Assets.xcassets in Resources */,
				283F036A291C89F10080EA53 /* Main.storyboard in Resources */,
			);
			runOnlyForDeploymentPostprocessing = 0;
		};
/* End PBXResourcesBuildPhase section */

/* Begin PBXShellScriptBuildPhase section */
		5631A3059A9DABF3DD75718E /* [CP] Embed Pods Frameworks */ = {
			isa = PBXShellScriptBuildPhase;
			buildActionMask = 2147483647;
			files = (
			);
			inputFileListPaths = (
				"${PODS_ROOT}/Target Support Files/Pods-Mozart/Pods-Mozart-frameworks-${CONFIGURATION}-input-files.xcfilelist",
			);
			name = "[CP] Embed Pods Frameworks";
			outputFileListPaths = (
				"${PODS_ROOT}/Target Support Files/Pods-Mozart/Pods-Mozart-frameworks-${CONFIGURATION}-output-files.xcfilelist",
			);
			runOnlyForDeploymentPostprocessing = 0;
			shellPath = /bin/sh;
			shellScript = "\"${PODS_ROOT}/Target Support Files/Pods-Mozart/Pods-Mozart-frameworks.sh\"\n";
			showEnvVarsInLog = 0;
		};
		9150E8FBC0B2E4B75D92490C /* [CP] Check Pods Manifest.lock */ = {
			isa = PBXShellScriptBuildPhase;
			buildActionMask = 2147483647;
			files = (
			);
			inputFileListPaths = (
			);
			inputPaths = (
				"${PODS_PODFILE_DIR_PATH}/Podfile.lock",
				"${PODS_ROOT}/Manifest.lock",
			);
			name = "[CP] Check Pods Manifest.lock";
			outputFileListPaths = (
			);
			outputPaths = (
				"$(DERIVED_FILE_DIR)/Pods-Mozart-checkManifestLockResult.txt",
			);
			runOnlyForDeploymentPostprocessing = 0;
			shellPath = /bin/sh;
			shellScript = "diff \"${PODS_PODFILE_DIR_PATH}/Podfile.lock\" \"${PODS_ROOT}/Manifest.lock\" > /dev/null\nif [ $? != 0 ] ; then\n    # print error to STDERR\n    echo \"error: The sandbox is not in sync with the Podfile.lock. Run 'pod install' or update your CocoaPods installation.\" >&2\n    exit 1\nfi\n# This output is used by Xcode 'outputs' to avoid re-running this script phase.\necho \"SUCCESS\" > \"${SCRIPT_OUTPUT_FILE_0}\"\n";
			showEnvVarsInLog = 0;
		};
/* End PBXShellScriptBuildPhase section */

/* Begin PBXSourcesBuildPhase section */
		283F035B291C89F10080EA53 /* Sources */ = {
			isa = PBXSourcesBuildPhase;
			buildActionMask = 2147483647;
			files = (
				2F35D4BC29404DE500427F1B /* SpotifyloginViewController.swift in Sources */,
				28D96C272926EE72000111C6 /* LoginViewController.swift in Sources */,
				2F8E806C2949D8AD0089C518 /* PlaylistTableViewCell.swift in Sources */,
				2F8E806E294A13B90089C518 /* SearchCell.swift in Sources */,
				28DCA4A8292737C800731FEB /* SavedViewController.swift in Sources */,
				28DCA4A6292736C000731FEB /* PlaylistViewController.swift in Sources */,
				2F9A70092936E75A0039BAE0 /* ApiConstants.swift in Sources */,
				283F0363291C89F10080EA53 /* AppDelegate.swift in Sources */,
				283F0365291C89F10080EA53 /* SceneDelegate.swift in Sources */,
				2F9A700B2936FAEE0039BAE0 /* APIService.swift in Sources */,
				2FB87ECA29458DE60059C04B /* SpoitfyloginUIViewController.swift in Sources */,
				28DCA4A42927367700731FEB /* DiscoverViewController.swift in Sources */,
				2F9A700D2936FBB40039BAE0 /* NetworkError.swift in Sources */,
			);
			runOnlyForDeploymentPostprocessing = 0;
		};
/* End PBXSourcesBuildPhase section */

/* Begin PBXVariantGroup section */
		283F0368291C89F10080EA53 /* Main.storyboard */ = {
			isa = PBXVariantGroup;
			children = (
				283F0369291C89F10080EA53 /* Base */,
			);
			name = Main.storyboard;
			sourceTree = "<group>";
		};
		283F036D291C89F20080EA53 /* LaunchScreen.storyboard */ = {
			isa = PBXVariantGroup;
			children = (
				283F036E291C89F20080EA53 /* Base */,
			);
			name = LaunchScreen.storyboard;
			sourceTree = "<group>";
		};
/* End PBXVariantGroup section */

/* Begin XCBuildConfiguration section */
		283F0371291C89F20080EA53 /* Debug */ = {
			isa = XCBuildConfiguration;
			buildSettings = {
				ALWAYS_SEARCH_USER_PATHS = NO;
				CLANG_ANALYZER_NONNULL = YES;
				CLANG_ANALYZER_NUMBER_OBJECT_CONVERSION = YES_AGGRESSIVE;
				CLANG_CXX_LANGUAGE_STANDARD = "gnu++20";
				CLANG_ENABLE_MODULES = YES;
				CLANG_ENABLE_OBJC_ARC = YES;
				CLANG_ENABLE_OBJC_WEAK = YES;
				CLANG_WARN_BLOCK_CAPTURE_AUTORELEASING = YES;
				CLANG_WARN_BOOL_CONVERSION = YES;
				CLANG_WARN_COMMA = YES;
				CLANG_WARN_CONSTANT_CONVERSION = YES;
				CLANG_WARN_DEPRECATED_OBJC_IMPLEMENTATIONS = YES;
				CLANG_WARN_DIRECT_OBJC_ISA_USAGE = YES_ERROR;
				CLANG_WARN_DOCUMENTATION_COMMENTS = YES;
				CLANG_WARN_EMPTY_BODY = YES;
				CLANG_WARN_ENUM_CONVERSION = YES;
				CLANG_WARN_INFINITE_RECURSION = YES;
				CLANG_WARN_INT_CONVERSION = YES;
				CLANG_WARN_NON_LITERAL_NULL_CONVERSION = YES;
				CLANG_WARN_OBJC_IMPLICIT_RETAIN_SELF = YES;
				CLANG_WARN_OBJC_LITERAL_CONVERSION = YES;
				CLANG_WARN_OBJC_ROOT_CLASS = YES_ERROR;
				CLANG_WARN_QUOTED_INCLUDE_IN_FRAMEWORK_HEADER = YES;
				CLANG_WARN_RANGE_LOOP_ANALYSIS = YES;
				CLANG_WARN_STRICT_PROTOTYPES = YES;
				CLANG_WARN_SUSPICIOUS_MOVE = YES;
				CLANG_WARN_UNGUARDED_AVAILABILITY = YES_AGGRESSIVE;
				CLANG_WARN_UNREACHABLE_CODE = YES;
				CLANG_WARN__DUPLICATE_METHOD_MATCH = YES;
				COPY_PHASE_STRIP = NO;
				DEBUG_INFORMATION_FORMAT = dwarf;
				ENABLE_STRICT_OBJC_MSGSEND = YES;
				ENABLE_TESTABILITY = YES;
				GCC_C_LANGUAGE_STANDARD = gnu11;
				GCC_DYNAMIC_NO_PIC = NO;
				GCC_NO_COMMON_BLOCKS = YES;
				GCC_OPTIMIZATION_LEVEL = 0;
				GCC_PREPROCESSOR_DEFINITIONS = (
					"DEBUG=1",
					"$(inherited)",
				);
				GCC_WARN_64_TO_32_BIT_CONVERSION = YES;
				GCC_WARN_ABOUT_RETURN_TYPE = YES_ERROR;
				GCC_WARN_UNDECLARED_SELECTOR = YES;
				GCC_WARN_UNINITIALIZED_AUTOS = YES_AGGRESSIVE;
				GCC_WARN_UNUSED_FUNCTION = YES;
				GCC_WARN_UNUSED_VARIABLE = YES;
				IPHONEOS_DEPLOYMENT_TARGET = 16.1;
				MTL_ENABLE_DEBUG_INFO = INCLUDE_SOURCE;
				MTL_FAST_MATH = YES;
				ONLY_ACTIVE_ARCH = YES;
				SDKROOT = iphoneos;
				SWIFT_ACTIVE_COMPILATION_CONDITIONS = DEBUG;
				SWIFT_OPTIMIZATION_LEVEL = "-Onone";
			};
			name = Debug;
		};
		283F0372291C89F20080EA53 /* Release */ = {
			isa = XCBuildConfiguration;
			buildSettings = {
				ALWAYS_SEARCH_USER_PATHS = NO;
				CLANG_ANALYZER_NONNULL = YES;
				CLANG_ANALYZER_NUMBER_OBJECT_CONVERSION = YES_AGGRESSIVE;
				CLANG_CXX_LANGUAGE_STANDARD = "gnu++20";
				CLANG_ENABLE_MODULES = YES;
				CLANG_ENABLE_OBJC_ARC = YES;
				CLANG_ENABLE_OBJC_WEAK = YES;
				CLANG_WARN_BLOCK_CAPTURE_AUTORELEASING = YES;
				CLANG_WARN_BOOL_CONVERSION = YES;
				CLANG_WARN_COMMA = YES;
				CLANG_WARN_CONSTANT_CONVERSION = YES;
				CLANG_WARN_DEPRECATED_OBJC_IMPLEMENTATIONS = YES;
				CLANG_WARN_DIRECT_OBJC_ISA_USAGE = YES_ERROR;
				CLANG_WARN_DOCUMENTATION_COMMENTS = YES;
				CLANG_WARN_EMPTY_BODY = YES;
				CLANG_WARN_ENUM_CONVERSION = YES;
				CLANG_WARN_INFINITE_RECURSION = YES;
				CLANG_WARN_INT_CONVERSION = YES;
				CLANG_WARN_NON_LITERAL_NULL_CONVERSION = YES;
				CLANG_WARN_OBJC_IMPLICIT_RETAIN_SELF = YES;
				CLANG_WARN_OBJC_LITERAL_CONVERSION = YES;
				CLANG_WARN_OBJC_ROOT_CLASS = YES_ERROR;
				CLANG_WARN_QUOTED_INCLUDE_IN_FRAMEWORK_HEADER = YES;
				CLANG_WARN_RANGE_LOOP_ANALYSIS = YES;
				CLANG_WARN_STRICT_PROTOTYPES = YES;
				CLANG_WARN_SUSPICIOUS_MOVE = YES;
				CLANG_WARN_UNGUARDED_AVAILABILITY = YES_AGGRESSIVE;
				CLANG_WARN_UNREACHABLE_CODE = YES;
				CLANG_WARN__DUPLICATE_METHOD_MATCH = YES;
				COPY_PHASE_STRIP = NO;
				DEBUG_INFORMATION_FORMAT = "dwarf-with-dsym";
				ENABLE_NS_ASSERTIONS = NO;
				ENABLE_STRICT_OBJC_MSGSEND = YES;
				GCC_C_LANGUAGE_STANDARD = gnu11;
				GCC_NO_COMMON_BLOCKS = YES;
				GCC_WARN_64_TO_32_BIT_CONVERSION = YES;
				GCC_WARN_ABOUT_RETURN_TYPE = YES_ERROR;
				GCC_WARN_UNDECLARED_SELECTOR = YES;
				GCC_WARN_UNINITIALIZED_AUTOS = YES_AGGRESSIVE;
				GCC_WARN_UNUSED_FUNCTION = YES;
				GCC_WARN_UNUSED_VARIABLE = YES;
				IPHONEOS_DEPLOYMENT_TARGET = 16.1;
				MTL_ENABLE_DEBUG_INFO = NO;
				MTL_FAST_MATH = YES;
				SDKROOT = iphoneos;
				SWIFT_COMPILATION_MODE = wholemodule;
				SWIFT_OPTIMIZATION_LEVEL = "-O";
				VALIDATE_PRODUCT = YES;
			};
			name = Release;
		};
		283F0374291C89F20080EA53 /* Debug */ = {
			isa = XCBuildConfiguration;
			baseConfigurationReference = E19EE8DE5900FEC14EF7678B /* Pods-Mozart.debug.xcconfig */;
			buildSettings = {
				ASSETCATALOG_COMPILER_APPICON_NAME = AppIcon;
				ASSETCATALOG_COMPILER_GLOBAL_ACCENT_COLOR_NAME = AccentColor;
				CODE_SIGN_STYLE = Automatic;
				CURRENT_PROJECT_VERSION = 1;
				GENERATE_INFOPLIST_FILE = YES;
				INFOPLIST_FILE = Mozart/Info.plist;
				INFOPLIST_KEY_UIApplicationSupportsIndirectInputEvents = YES;
				INFOPLIST_KEY_UILaunchStoryboardName = LaunchScreen;
				INFOPLIST_KEY_UIMainStoryboardFile = Main;
				INFOPLIST_KEY_UISupportedInterfaceOrientations_iPad = "UIInterfaceOrientationPortrait UIInterfaceOrientationPortraitUpsideDown UIInterfaceOrientationLandscapeLeft UIInterfaceOrientationLandscapeRight";
				INFOPLIST_KEY_UISupportedInterfaceOrientations_iPhone = "UIInterfaceOrientationPortrait UIInterfaceOrientationLandscapeLeft UIInterfaceOrientationLandscapeRight";
				LD_RUNPATH_SEARCH_PATHS = (
					"$(inherited)",
					"@executable_path/Frameworks",
				);
				MARKETING_VERSION = 1.0;
				PRODUCT_BUNDLE_IDENTIFIER = group25.Mozart;
				PRODUCT_NAME = "$(TARGET_NAME)";
				SWIFT_EMIT_LOC_STRINGS = YES;
				SWIFT_VERSION = 5.0;
				TARGETED_DEVICE_FAMILY = "1,2";
			};
			name = Debug;
		};
		283F0375291C89F20080EA53 /* Release */ = {
			isa = XCBuildConfiguration;
			baseConfigurationReference = F2EDF0E35D2699E5FBD6992D /* Pods-Mozart.release.xcconfig */;
			buildSettings = {
				ASSETCATALOG_COMPILER_APPICON_NAME = AppIcon;
				ASSETCATALOG_COMPILER_GLOBAL_ACCENT_COLOR_NAME = AccentColor;
				CODE_SIGN_STYLE = Automatic;
				CURRENT_PROJECT_VERSION = 1;
				GENERATE_INFOPLIST_FILE = YES;
				INFOPLIST_FILE = Mozart/Info.plist;
				INFOPLIST_KEY_UIApplicationSupportsIndirectInputEvents = YES;
				INFOPLIST_KEY_UILaunchStoryboardName = LaunchScreen;
				INFOPLIST_KEY_UIMainStoryboardFile = Main;
				INFOPLIST_KEY_UISupportedInterfaceOrientations_iPad = "UIInterfaceOrientationPortrait UIInterfaceOrientationPortraitUpsideDown UIInterfaceOrientationLandscapeLeft UIInterfaceOrientationLandscapeRight";
				INFOPLIST_KEY_UISupportedInterfaceOrientations_iPhone = "UIInterfaceOrientationPortrait UIInterfaceOrientationLandscapeLeft UIInterfaceOrientationLandscapeRight";
				LD_RUNPATH_SEARCH_PATHS = (
					"$(inherited)",
					"@executable_path/Frameworks",
				);
				MARKETING_VERSION = 1.0;
				PRODUCT_BUNDLE_IDENTIFIER = group25.Mozart;
				PRODUCT_NAME = "$(TARGET_NAME)";
				SWIFT_EMIT_LOC_STRINGS = YES;
				SWIFT_VERSION = 5.0;
				TARGETED_DEVICE_FAMILY = "1,2";
			};
			name = Release;
		};
/* End XCBuildConfiguration section */

/* Begin XCConfigurationList section */
		283F035A291C89F10080EA53 /* Build configuration list for PBXProject "Mozart" */ = {
			isa = XCConfigurationList;
			buildConfigurations = (
				283F0371291C89F20080EA53 /* Debug */,
				283F0372291C89F20080EA53 /* Release */,
			);
			defaultConfigurationIsVisible = 0;
			defaultConfigurationName = Release;
		};
		283F0373291C89F20080EA53 /* Build configuration list for PBXNativeTarget "Mozart" */ = {
			isa = XCConfigurationList;
			buildConfigurations = (
				283F0374291C89F20080EA53 /* Debug */,
				283F0375291C89F20080EA53 /* Release */,
			);
			defaultConfigurationIsVisible = 0;
			defaultConfigurationName = Release;
		};
/* End XCConfigurationList section */
	};
	rootObject = 283F0357291C89F10080EA53 /* Project object */;
}
